
Microsoft Visual Studio Solution File, Format Version 12.00
# Visual Studio Version 17
VisualStudioVersion = 17.12.35323.107
MinimumVisualStudioVersion = 10.0.40219.1
Project("{FAE04EC0-301F-11D3-BF4B-00C04F79EFBC}") = "TemplateToPdf.Demo", "TemplateToPdf.Demo\TemplateToPdf.Demo.csproj", "{FAEB367D-406E-49F4-9D44-51712D634E04}"
EndProject
Global
	GlobalSection(SolutionConfigurationPlatforms) = preSolution
		Debug|Any CPU = Debug|Any CPU
		Release|Any CPU = Release|Any CPU
	EndGlobalSection
	GlobalSection(ProjectConfigurationPlatforms) = postSolution
		{FAEB367D-406E-49F4-9D44-51712D634E04}.Debug|Any CPU.ActiveCfg = Debug|Any CPU
		{FAEB367D-406E-49F4-9D44-51712D634E04}.Debug|Any CPU.Build.0 = Debug|Any CPU
		{FAEB367D-406E-49F4-9D44-51712D634E04}.Release|Any CPU.ActiveCfg = Release|Any CPU
		{FAEB367D-406E-49F4-9D44-51712D634E04}.Release|Any CPU.Build.0 = Release|Any CPU
	EndGlobalSection
	GlobalSection(SolutionProperties) = preSolution
		HideSolutionNode = FALSE
	EndGlobalSection
	GlobalSection(ExtensibilityGlobals) = postSolution
		SolutionGuid = {208E96C2-FF2B-4C1C-BD14-66FFAE1B3212}
	EndGlobalSection
EndGlobal
